{
  "name": "sql",
  "lockfileVersion": 3,
  "requires": true,
  "packages": {
    "": {
      "dependencies": {
        "csv": "^6.3.8",
        "csv-parser": "^3.0.0",
        "fs": "^0.0.1-security",
        "mysql2": "^3.9.2",
        "parser": "^0.1.4"
      }
    },
    "node_modules/csv": {
      "version": "6.3.8",
      "resolved": "https://registry.npmjs.org/csv/-/csv-6.3.8.tgz",
      "integrity": "sha512-gRh3yiT9bHBA5ka2yOpyFqAVu/ZpwWzajMUR/es0ljevAE88WyHBuMUy7jzd2o5j6LYQesEO/AyhbQ9BhbDXUA==",
      "dependencies": {
        "csv-generate": "^4.4.0",
        "csv-parse": "^5.5.5",
        "csv-stringify": "^6.4.6",
        "stream-transform": "^3.3.1"
      },
      "engines": {
        "node": ">= 0.1.90"
      }
    },
    "node_modules/csv-generate": {
      "version": "4.4.0",
      "resolved": "https://registry.npmjs.org/csv-generate/-/csv-generate-4.4.0.tgz",
      "integrity": "sha512-geM01acNPZ0wr4/9sKev5fCzFG/tsc/NbuFWrhLc47M1zQyUdEJH65+cxTLIVafEwhBjIYwQ7fdOL9roBqVltQ=="
    },
    "node_modules/csv-parse": {
      "version": "5.5.5",
      "resolved": "https://registry.npmjs.org/csv-parse/-/csv-parse-5.5.5.tgz",
      "integrity": "sha512-erCk7tyU3yLWAhk6wvKxnyPtftuy/6Ak622gOO7BCJ05+TYffnPCJF905wmOQm+BpkX54OdAl8pveJwUdpnCXQ=="
    },
    "node_modules/csv-parser": {
      "version": "3.0.0",
      "resolved": "https://registry.npmjs.org/csv-parser/-/csv-parser-3.0.0.tgz",
      "integrity": "sha512-s6OYSXAK3IdKqYO33y09jhypG/bSDHPuyCme/IdEHfWpLf/jKcpitVFyOC6UemgGk8v7Q5u2XE0vvwmanxhGlQ==",
      "dependencies": {
        "minimist": "^1.2.0"
      },
      "bin": {
        "csv-parser": "bin/csv-parser"
      },
      "engines": {
        "node": ">= 10"
      }
    },
    "node_modules/csv-stringify": {
      "version": "6.4.6",
      "resolved": "https://registry.npmjs.org/csv-stringify/-/csv-stringify-6.4.6.tgz",
      "integrity": "sha512-h2V2XZ3uOTLilF5dPIptgUfN/o2ia/80Ie0Lly18LAnw5s8Eb7kt8rfxSUy24AztJZas9f6DPZpVlzDUtFt/ag=="
    },
    "node_modules/denque": {
      "version": "2.1.0",
      "resolved": "https://registry.npmjs.org/denque/-/denque-2.1.0.tgz",
      "integrity": "sha512-HVQE3AAb/pxF8fQAoiqpvg9i3evqug3hoiwakOyZAwJm+6vZehbkYXZ0l4JxS+I3QxM97v5aaRNhj8v5oBhekw==",
      "engines": {
        "node": ">=0.10"
      }
    },
    "node_modules/disect": {
      "version": "1.1.1",
      "resolved": "https://registry.npmjs.org/disect/-/disect-1.1.1.tgz",
      "integrity": "sha512-rr2Ym8FSAoqAJ1KfpUiQ/Io01HP0LZPHBuppbFsHozmSNf+YwrvyD5pm5tMTUApJFNwD7HeWJ5DGldSugScukA=="
    },
    "node_modules/fs": {
      "version": "0.0.1-security",
      "resolved": "https://registry.npmjs.org/fs/-/fs-0.0.1-security.tgz",
      "integrity": "sha512-3XY9e1pP0CVEUCdj5BmfIZxRBTSDycnbqhIOGec9QYtmVH2fbLpj86CFWkrNOkt/Fvty4KZG5lTglL9j/gJ87w=="
    },
    "node_modules/generate-function": {
      "version": "2.3.1",
      "resolved": "https://registry.npmjs.org/generate-function/-/generate-function-2.3.1.tgz",
      "integrity": "sha512-eeB5GfMNeevm/GRYq20ShmsaGcmI81kIX2K9XQx5miC8KdHaC6Jm0qQ8ZNeGOi7wYB8OsdxKs+Y2oVuTFuVwKQ==",
      "dependencies": {
        "is-property": "^1.0.2"
      }
    },
    "node_modules/iconv-lite": {
      "version": "0.6.3",
      "resolved": "https://registry.npmjs.org/iconv-lite/-/iconv-lite-0.6.3.tgz",
      "integrity": "sha512-4fCk79wshMdzMp2rH06qWrJE4iolqLhCUH+OiuIgU++RB0+94NlDL81atO7GX55uUKueo0txHNtvEyI6D7WdMw==",
      "dependencies": {
        "safer-buffer": ">= 2.1.2 < 3.0.0"
      },
      "engines": {
        "node": ">=0.10.0"
      }
    },
    "node_modules/is-property": {
      "version": "1.0.2",
      "resolved": "https://registry.npmjs.org/is-property/-/is-property-1.0.2.tgz",
      "integrity": "sha512-Ks/IoX00TtClbGQr4TWXemAnktAQvYB7HzcCxDGqEZU6oCmb2INHuOoKxbtR+HFkmYWBKv/dOZtGRiAjDhj92g=="
    },
    "node_modules/long": {
      "version": "5.2.3",
      "resolved": "https://registry.npmjs.org/long/-/long-5.2.3.tgz",
      "integrity": "sha512-lcHwpNoggQTObv5apGNCTdJrO69eHOZMi4BNC+rTLER8iHAqGrUVeLh/irVIM7zTw2bOXA8T6uNPeujwOLg/2Q=="
    },
    "node_modules/lru-cache": {
      "version": "8.0.5",
      "resolved": "https://registry.npmjs.org/lru-cache/-/lru-cache-8.0.5.tgz",
      "integrity": "sha512-MhWWlVnuab1RG5/zMRRcVGXZLCXrZTgfwMikgzCegsPnG62yDQo5JnqKkrK4jO5iKqDAZGItAqN5CtKBCBWRUA==",
      "engines": {
        "node": ">=16.14"
      }
    },
    "node_modules/minimist": {
      "version": "1.2.8",
      "resolved": "https://registry.npmjs.org/minimist/-/minimist-1.2.8.tgz",
      "integrity": "sha512-2yyAR8qBkN3YuheJanUpWC5U3bb5osDywNB8RzDVlDwDHbocAJveqqj1u8+SVD7jkWT4yvsHCpWqqWqAxb0zCA==",
      "funding": {
        "url": "https://github.com/sponsors/ljharb"
      }
    },
    "node_modules/mysql2": {
      "version": "3.9.2",
      "resolved": "https://registry.npmjs.org/mysql2/-/mysql2-3.9.2.tgz",
      "integrity": "sha512-3Cwg/UuRkAv/wm6RhtPE5L7JlPB877vwSF6gfLAS68H+zhH+u5oa3AieqEd0D0/kC3W7qIhYbH419f7O9i/5nw==",
      "dependencies": {
        "denque": "^2.1.0",
        "generate-function": "^2.3.1",
        "iconv-lite": "^0.6.3",
        "long": "^5.2.1",
        "lru-cache": "^8.0.0",
        "named-placeholders": "^1.1.3",
        "seq-queue": "^0.0.5",
        "sqlstring": "^2.3.2"
      },
      "engines": {
        "node": ">= 8.0"
      }
    },
    "node_modules/named-placeholders": {
      "version": "1.1.3",
      "resolved": "https://registry.npmjs.org/named-placeholders/-/named-placeholders-1.1.3.tgz",
      "integrity": "sha512-eLoBxg6wE/rZkJPhU/xRX1WTpkFEwDJEN96oxFrTsqBdbT5ec295Q+CoHrL9IT0DipqKhmGcaZmwOt8OON5x1w==",
      "dependencies": {
        "lru-cache": "^7.14.1"
      },
      "engines": {
        "node": ">=12.0.0"
      }
    },
    "node_modules/named-placeholders/node_modules/lru-cache": {
      "version": "7.18.3",
      "resolved": "https://registry.npmjs.org/lru-cache/-/lru-cache-7.18.3.tgz",
      "integrity": "sha512-jumlc0BIUrS3qJGgIkWZsyfAM7NCWiBcCDhnd+3NNM5KbBmLTgHVfWBcg6W+rLUsIpzpERPsvwUP7CckAQSOoA==",
      "engines": {
        "node": ">=12"
      }
    },
    "node_modules/parser": {
      "version": "0.1.4",
      "resolved": "https://registry.npmjs.org/parser/-/parser-0.1.4.tgz",
      "integrity": "sha512-f6EM/mBtPzmIh96MpcbePfhkBOYRmLYWuOukJqMysMlvjp4s2MQSSQnFEekd9GV4JGTnDJ2uFt3Ztcqc9wCMJg==",
      "dependencies": {
        "tokenizer": "*"
      },
      "engines": {
        "node": "0.4-0.9"
      }
    },
    "node_modules/safer-buffer": {
      "version": "2.1.2",
      "resolved": "https://registry.npmjs.org/safer-buffer/-/safer-buffer-2.1.2.tgz",
      "integrity": "sha512-YZo3K82SD7Riyi0E1EQPojLz7kpepnSQI9IyPbHHg1XXXevb5dJI7tpyN2ADxGcQbHG7vcyRHk0cbwqcQriUtg=="
    },
    "node_modules/seq-queue": {
      "version": "0.0.5",
      "resolved": "https://registry.npmjs.org/seq-queue/-/seq-queue-0.0.5.tgz",
      "integrity": "sha512-hr3Wtp/GZIc/6DAGPDcV4/9WoZhjrkXsi5B/07QgX8tsdc6ilr7BFM6PM6rbdAX1kFSDYeZGLipIZZKyQP0O5Q=="
    },
    "node_modules/sqlstring": {
      "version": "2.3.3",
      "resolved": "https://registry.npmjs.org/sqlstring/-/sqlstring-2.3.3.tgz",
      "integrity": "sha512-qC9iz2FlN7DQl3+wjwn3802RTyjCx7sDvfQEXchwa6CWOx07/WVfh91gBmQ9fahw8snwGEWU3xGzOt4tFyHLxg==",
      "engines": {
        "node": ">= 0.6"
      }
    },
    "node_modules/stream-transform": {
      "version": "3.3.1",
      "resolved": "https://registry.npmjs.org/stream-transform/-/stream-transform-3.3.1.tgz",
      "integrity": "sha512-BL8pv9QL8Ikd11oZwlRDp1qYMhGR0i50zI9ltoijKGc4ubQWal/Rc4p6SYJp1TBOGpE0uAGchwbxOZ1ycwTuqQ=="
    },
    "node_modules/tokenizer": {
      "version": "1.1.2",
      "resolved": "https://registry.npmjs.org/tokenizer/-/tokenizer-1.1.2.tgz",
      "integrity": "sha512-c/EYsBwEW/EX28q44UaSrJ9o5M2aI+N/xdJJ4Zl7dNq76OmWQHhmXH0T8DJQNjVYPc7NclV2CZQfyeUMfnEu/A==",
      "dependencies": {
        "disect": "~1.1.0"
      },
      "engines": {
        "node": "0.10.x"
      }
    }
  }
}
